
Microsoft Visual Studio Solution File, Format Version 12.00
# Visual Studio Version 17
VisualStudioVersion = 17.4.33403.182
MinimumVisualStudioVersion = 10.0.40219.1
Project("{9A19103F-16F7-4668-BE54-9A1E7A4F7556}") = "TraderManagementApp", "TraderManagementApp.csproj", "{5A3752CC-0436-419A-A0F8-7E91918F5B97}"
EndProject
Project("{9A19103F-16F7-4668-BE54-9A1E7A4F7556}") = "TraderManagementApp.BusinessLayer", "..\TraderManagementApp.BusinessLayer\TraderManagementApp.BusinessLayer.csproj", "{B14B4B2E-0D3A-4944-B5D5-409959FF2D12}"
EndProject
Project("{9A19103F-16F7-4668-BE54-9A1E7A4F7556}") = "TraderManagementApp.DataLayer", "..\TraderManagementApp.DataLayer\TraderManagementApp.DataLayer.csproj", "{883B6B1F-88BE-4D1A-8E0A-CFD640C31904}"
EndProject
Project("{9A19103F-16F7-4668-BE54-9A1E7A4F7556}") = "TraderManagementApp.Entities", "..\TraderManagementApp.Entities\TraderManagementApp.Entities.csproj", "{E0858665-FB83-4560-B8BD-2F1A90DEDA82}"
EndProject
Project("{9A19103F-16F7-4668-BE54-9A1E7A4F7556}") = "TraderManagementApp.Tests", "..\TraderManagementApp.Tests\TraderManagementApp.Tests.csproj", "{4643F6E2-5934-4352-AFD1-B01927ACF3C2}"
EndProject
Global
	GlobalSection(SolutionConfigurationPlatforms) = preSolution
		Debug|Any CPU = Debug|Any CPU
		Release|Any CPU = Release|Any CPU
	EndGlobalSection
	GlobalSection(ProjectConfigurationPlatforms) = postSolution
		{5A3752CC-0436-419A-A0F8-7E91918F5B97}.Debug|Any CPU.ActiveCfg = Debug|Any CPU
		{5A3752CC-0436-419A-A0F8-7E91918F5B97}.Debug|Any CPU.Build.0 = Debug|Any CPU
		{5A3752CC-0436-419A-A0F8-7E91918F5B97}.Release|Any CPU.ActiveCfg = Release|Any CPU
		{5A3752CC-0436-419A-A0F8-7E91918F5B97}.Release|Any CPU.Build.0 = Release|Any CPU
		{B14B4B2E-0D3A-4944-B5D5-409959FF2D12}.Debug|Any CPU.ActiveCfg = Debug|Any CPU
		{B14B4B2E-0D3A-4944-B5D5-409959FF2D12}.Debug|Any CPU.Build.0 = Debug|Any CPU
		{B14B4B2E-0D3A-4944-B5D5-409959FF2D12}.Release|Any CPU.ActiveCfg = Release|Any CPU
		{B14B4B2E-0D3A-4944-B5D5-409959FF2D12}.Release|Any CPU.Build.0 = Release|Any CPU
		{883B6B1F-88BE-4D1A-8E0A-CFD640C31904}.Debug|Any CPU.ActiveCfg = Debug|Any CPU
		{883B6B1F-88BE-4D1A-8E0A-CFD640C31904}.Debug|Any CPU.Build.0 = Debug|Any CPU
		{883B6B1F-88BE-4D1A-8E0A-CFD640C31904}.Release|Any CPU.ActiveCfg = Release|Any CPU
		{883B6B1F-88BE-4D1A-8E0A-CFD640C31904}.Release|Any CPU.Build.0 = Release|Any CPU
		{E0858665-FB83-4560-B8BD-2F1A90DEDA82}.Debug|Any CPU.ActiveCfg = Debug|Any CPU
		{E0858665-FB83-4560-B8BD-2F1A90DEDA82}.Debug|Any CPU.Build.0 = Debug|Any CPU
		{E0858665-FB83-4560-B8BD-2F1A90DEDA82}.Release|Any CPU.ActiveCfg = Release|Any CPU
		{E0858665-FB83-4560-B8BD-2F1A90DEDA82}.Release|Any CPU.Build.0 = Release|Any CPU
		{4643F6E2-5934-4352-AFD1-B01927ACF3C2}.Debug|Any CPU.ActiveCfg = Debug|Any CPU
		{4643F6E2-5934-4352-AFD1-B01927ACF3C2}.Debug|Any CPU.Build.0 = Debug|Any CPU
		{4643F6E2-5934-4352-AFD1-B01927ACF3C2}.Release|Any CPU.ActiveCfg = Release|Any CPU
		{4643F6E2-5934-4352-AFD1-B01927ACF3C2}.Release|Any CPU.Build.0 = Release|Any CPU
	EndGlobalSection
	GlobalSection(SolutionProperties) = preSolution
		HideSolutionNode = FALSE
	EndGlobalSection
	GlobalSection(ExtensibilityGlobals) = postSolution
		SolutionGuid = {3CC5A395-3B7E-45D1-9653-C689D8822113}
	EndGlobalSection
EndGlobal
